# FALLBACK-SEAM ledger: the only upstream-origin hunks the fallback system may add.
# Each seam is one added line marked `// FALLBACK-SEAM:<id>`; tools/seam_check.py proves that every `modified`
# file below differs from upstream/ ONLY by such added lines (no removed or changed upstream line).
# Format of the paths block: <modified|added> <repo-relative path>
#
# Seams (T1.5, T1.7, T1.9, T1.10, T2.1, T2.4, T3.1, T3.2, T3.6):
#   settings.gradle            module        include ':fallback-core'
#   settings.gradle            module-engine include ':engines:engine-process' (T1.9)
#   settings.gradle            module-http   include ':engines:engine-http' (T2.1)
#   settings.gradle            module-ytdlp  include ':engines:engine-ytdlp' (T2.4)
#   settings.gradle            module-hosts  include ':engines:engine-hosts' (T3.1)
#   settings.gradle            module-web    include ':engines:engine-web' (T3.2)
#   settings.gradle            module-media3 include ':engines:engine-media3' (T3.6)
#   app/build.gradle           dep           implementation project(':fallback-core')   (file declared in BRANDING.md)
#   AIOApp.kt                  start         FallbackSeams.appStarted(...) right after `INSTANCE = this` in onCreate
#   AIOApp.kt                  shutdown      FallbackSeams.appShutdown() before downloadSystem.pauseAllDownloads() in onTerminate
#   ActiveTasksOptions.kt      resume        user intent RESUME before downloadSystem.resumeDownload(...)
#   ActiveTasksOptions.kt      pause-confirm user intent PAUSE before downloadSystem.pauseDownload (confirm dialog)
#   ActiveTasksOptions.kt      pause         user intent PAUSE before downloadSystem.pauseDownload
#   ActiveTasksOptions.kt      clear         user intent CLEAR before downloadSystem.clearDownload
#   ActiveTasksOptions.kt      delete        user intent DELETE before downloadSystem.deleteDownload
#   DownloadFileRenamer.kt     rename-pause  intent RENAME_PAUSE before the app pauses a download to rename it
#   DownloadUIManager.kt       row           fallback trail line on a download card, after the row is updated
#   ActiveTasksOptions.kt      options       "Try another method" + "Methods tried" in the options dialog
#   SettingsFragment.kt        settings      the "VidChain fallbacks" row, cloned after the advanced-downloads row
#   SharedVideoURLIntercept.kt share-rejected link not on the app's list: VidChain asks yt-dlp (picker if found)
#   SharedVideoURLIntercept.kt share-empty   the app's analysis found no formats: the same yt-dlp rescue
#   IntentInterceptActivity.kt share-entry   a shared magnet / torrent link (chain B6, aria2c) or a text with a link in it
#                                            (re-shared as that link), before the app rejects it as "Invalid URL" (T6.2)
#   VideoLinkPasteEditor.kt    paste         the same for pasted text in the "download a link" dialog (T6.2)
#   SharedVideoURLIntercept.kt yt-sizes      YouTube picker: only this video's resolutions, each with its size (T7.1, owner's phone test)
#   BaseActivity.kt            battery-once  battery-optimization request: never when already exempt, at most once (T7.2)
#   BaseActivity.kt            battery-direct "Disable Now" asks Android directly for this app (T7.2)
#   DownloadFileRenamer.kt     rename-resume intent RESUME when the app resumes the download it paused to rename it (T6.2)
#   app/build.gradle           abi-natives   packaging: aria2c on 64-bit ABIs only (Q8 = A) (file declared in BRANDING.md)
# The added adapter VidChainFallbackHost.kt (new file inside the upstream source tree) only reads the download
# lists and adds child downloads through DownloadSystem.addDownload.
```paths
modified settings.gradle
modified app/src/main/java/app/core/AIOApp.kt
modified app/src/main/java/app/ui/main/fragments/downloads/fragments/active/ActiveTasksOptions.kt
modified app/src/main/java/app/ui/main/fragments/downloads/dialogs/DownloadFileRenamer.kt
modified app/src/main/java/app/core/engines/downloader/DownloadUIManager.kt
modified app/src/main/java/app/ui/main/fragments/settings/SettingsFragment.kt
modified app/src/main/java/app/ui/main/fragments/downloads/intercepter/SharedVideoURLIntercept.kt
modified app/src/main/java/app/ui/others/information/IntentInterceptActivity.kt
modified app/src/main/java/app/core/engines/video_parser/dialogs/VideoLinkPasteEditor.kt
modified app/src/main/java/app/core/bases/BaseActivity.kt
added app/src/main/java/org/websnake/vidchain/app/VidChainFallbackHost.kt
added app/src/main/java/org/websnake/vidchain/app/VidChainDefaults.kt
added app/src/main/java/org/websnake/vidchain/app/VidChainShareRescue.kt
added app/src/main/java/org/websnake/vidchain/app/VidChainFormats.kt
added app/src/main/java/org/websnake/vidchain/app/VidChainBattery.kt
```
