# Python engines lock (T5.3): pure wheels only, sha256-pinned; tools/build_pyzip.py builds assets/vidchain-py.zip from it.
{"name": "gallery-dl", "version": "1.32.14", "file": "gallery_dl-1.32.14-py3-none-any.whl", "sha256": "c1be6e1397a9eaf53252eceb0fc3701631fa1f29a34c155cb374f71e5345b943", "url": "https://files.pythonhosted.org/packages/48/85/44e7fbc106921e6f55ce7ca7bd53048fe6cf5a5fea6912394dffd931c8d3/gallery_dl-1.32.14-py3-none-any.whl"}
{"name": "requests", "version": "2.34.2", "file": "requests-2.34.2-py3-none-any.whl", "sha256": "2a0d60c172f83ac6ab31e4554906c0f3b3588d37b5cb939b1c061f4907e278e0", "url": "https://files.pythonhosted.org/packages/a0/f4/c67b0b3f1b9245e8d266f0f112c500d50e5b4e83cb6f3b71b6528104182a/requests-2.34.2-py3-none-any.whl"}
{"name": "urllib3", "version": "2.8.0", "file": "urllib3-2.8.0-py3-none-any.whl", "sha256": "0cf3cae568d36aa9576b28dfb35f11328f1cb974ca7647d9475ebb86c75ac6e3", "url": "https://files.pythonhosted.org/packages/92/9d/c4e665119135114480843e7ab388fa94d8480650450e6f8e26b70d323a4c/urllib3-2.8.0-py3-none-any.whl"}
{"name": "idna", "version": "3.20", "file": "idna-3.20-py3-none-any.whl", "sha256": "ab7ae7122974553370f0bdb919e1a960b2cd1bc1ef0276416d896db81c14582c", "url": "https://files.pythonhosted.org/packages/58/a2/bb081bab032533a855d44de1d56f8e8426114ff1ba5d1f07a438a0a654f8/idna-3.20-py3-none-any.whl"}
{"name": "certifi", "version": "2026.7.22", "file": "certifi-2026.7.22-py3-none-any.whl", "sha256": "62f22742b58a1a33014a2b6b706588a8d7e2a88ae7bd1a6ebe8c992928483775", "url": "https://files.pythonhosted.org/packages/0b/a7/71ac2cff56fec219ed242bb11b8efb69fcc4bec75db06fb7bfe35de520e6/certifi-2026.7.22-py3-none-any.whl"}
{"name": "charset-normalizer", "version": "3.5.2", "file": "charset_normalizer-3.5.2-py3-none-any.whl", "sha256": "b6b751274acb69d77b3323d6b7dbaa3c7fdfc1eb829b7eb61d262f32e1af9685", "url": "https://files.pythonhosted.org/packages/fc/ad/d07d7862a62ffa6d79d68074d14823243dd235a77c45262acbf6adeb28bf/charset_normalizer-3.5.2-py3-none-any.whl"}
{"name": "you-get", "version": "0.4.1743", "file": "you_get-0.4.1743-py3-none-any.whl", "sha256": "9f8968769772d3b50e0b38f33f119a4c0d5708ecfe0eeacee950661523b2ccf7", "url": "https://files.pythonhosted.org/packages/a0/21/cdb541f0c6b9ab827f553c95c4539f2e58c6f9b6508aede0c8488e3ed026/you_get-0.4.1743-py3-none-any.whl"}
{"name": "streamlink", "version": "8.6.1", "file": "streamlink-8.6.1-py3-none-any.whl", "sha256": "8e99cfc0241b261d4be202c7357e15ffd932af42963e18b8a5b6508d53f11c3c", "url": "https://files.pythonhosted.org/packages/7a/6f/1b3a9368c0132fc43491ef3af5ee5d7b78975f079ba795670284ab8d7d29/streamlink-8.6.1-py3-none-any.whl"}
{"name": "streamlink-sdist", "version": "8.6.1", "file": "streamlink-8.6.1.tar.gz", "sha256": "29ba76ed6d6913c9e69bc730fc584b581b2860022af18661a1d08c8daee03642", "url": "https://files.pythonhosted.org/packages/a2/64/2ecd92de6d19a724634f29748f81aab8e68d34bbaa1d7cfcaa4f3a101988/streamlink-8.6.1.tar.gz", "tests_only": true}
{"name": "elementpath", "version": "5.1.4", "file": "elementpath-5.1.4-py3-none-any.whl", "sha256": "5ec8d7bb44b16c98414a6a95e20cb150f3cbfc3cac65edc14773288c7a937376", "url": "https://files.pythonhosted.org/packages/42/b0/b709cc33ccb0288f41f2d92dfd754d2ccf925cb9277a66effbc132cd004c/elementpath-5.1.4-py3-none-any.whl"}
{"name": "isodate", "version": "0.7.2", "file": "isodate-0.7.2-py3-none-any.whl", "sha256": "28009937d8031054830160fce6d409ed342816b543597cece116d966c6d99e15", "url": "https://files.pythonhosted.org/packages/15/aa/0aca39a37d3c7eb941ba736ede56d689e7be91cab5d9ca846bde3999eba6/isodate-0.7.2-py3-none-any.whl"}
{"name": "websocket-client", "version": "1.9.2", "file": "websocket_client-1.9.2-py3-none-any.whl", "sha256": "e1a673830a9c7bfa47b1cd3d5e4178f4c9651d80a4eab02c9c23a1c3ec6250ce", "url": "https://files.pythonhosted.org/packages/d5/d2/cc4dc1271e464942db7ee278baae2daa99ee77cb2af744025c04da585a3e/websocket_client-1.9.2-py3-none-any.whl"}
{"name": "PySocks", "version": "1.7.1", "file": "PySocks-1.7.1-py27-none-any.whl", "sha256": "08e69f092cc6dbe92a0fdd16eeb9b9ffbc13cadfe5ca4c7bd92ffb078b293299", "url": "https://files.pythonhosted.org/packages/a2/4b/52123768624ae28d84c97515dd96c9958888e8c2d8f122074e31e2be878c/PySocks-1.7.1-py27-none-any.whl"}
{"name": "trio", "version": "0.34.0", "file": "trio-0.34.0-py3-none-any.whl", "sha256": "6c7c9f49917694dcdcd5f67abd168df5599eca480d61f29854d17a61a75c2f05", "url": "https://files.pythonhosted.org/packages/77/1f/555f1364bed52a92a864181962b77f1b15adadeacf23b86105324363e461/trio-0.34.0-py3-none-any.whl"}
{"name": "attrs", "version": "26.1.0", "file": "attrs-26.1.0-py3-none-any.whl", "sha256": "c647aa4a12dfbad9333ca4e71fe62ddc36f4e63b2d260a37a8b83d2f043ac309", "url": "https://files.pythonhosted.org/packages/64/b4/17d4b0b2a2dc85a6df63d1157e028ed19f90d4cd97c36717afef2bc2f395/attrs-26.1.0-py3-none-any.whl"}
{"name": "sortedcontainers", "version": "2.4.0", "file": "sortedcontainers-2.4.0-py2.py3-none-any.whl", "sha256": "a163dcaede0f1c021485e957a39245190e74249897e2ae4b2aa38595db237ee0", "url": "https://files.pythonhosted.org/packages/32/46/9cb0e58b2deb7f82b84065f37f3bffeb12413f947f9388e4cac22c4621ce/sortedcontainers-2.4.0-py2.py3-none-any.whl"}
{"name": "outcome", "version": "1.3.0.post0", "file": "outcome-1.3.0.post0-py2.py3-none-any.whl", "sha256": "e771c5ce06d1415e356078d3bdd68523f284b4ce5419828922b6871e65eda82b", "url": "https://files.pythonhosted.org/packages/55/8b/5ab7257531a5d830fc8000c476e63c935488d74609b50f9384a643ec0a62/outcome-1.3.0.post0-py2.py3-none-any.whl"}
{"name": "sniffio", "version": "1.3.1", "file": "sniffio-1.3.1-py3-none-any.whl", "sha256": "2f6da418d1f1e0fddd844478f41680e794e6051915791a034ff65e5f100525a2", "url": "https://files.pythonhosted.org/packages/e9/44/75a9c9421471a6c4805dbf2356f7c181a29c1879239abab1ea2cc8f38b40/sniffio-1.3.1-py3-none-any.whl"}
{"name": "trio-websocket", "version": "0.12.2", "file": "trio_websocket-0.12.2-py3-none-any.whl", "sha256": "df605665f1db533f4a386c94525870851096a223adcb97f72a07e8b4beba45b6", "url": "https://files.pythonhosted.org/packages/c7/19/eb640a397bba49ba49ef9dbe2e7e5c04202ba045b6ce2ec36e9cadc51e04/trio_websocket-0.12.2-py3-none-any.whl"}
{"name": "wsproto", "version": "1.3.2", "file": "wsproto-1.3.2-py3-none-any.whl", "sha256": "61eea322cdf56e8cc904bd3ad7573359a242ba65688716b0710a5eb12beab584", "url": "https://files.pythonhosted.org/packages/a4/f5/10b68b7b1544245097b2a1b8238f66f2fc6dcaeb24ba5d917f52bd2eed4f/wsproto-1.3.2-py3-none-any.whl"}
{"name": "h11", "version": "0.16.0", "file": "h11-0.16.0-py3-none-any.whl", "sha256": "63cf8bbe7522de3bf65932fda1d9c2772064ffb3dae62d55932da54b31cb6c86", "url": "https://files.pythonhosted.org/packages/04/4b/29cac41a4d98d144bf5f6d33995617b185d14b22401f75ca86f384e87ff1/h11-0.16.0-py3-none-any.whl"}
